
Microsoft Visual Studio Solution File, Format Version 12.00
# Visual Studio Version 17
VisualStudioVersion = 17.0.31903.59
MinimumVisualStudioVersion = 10.0.40219.1
Project("{2150E333-8FDC-42A3-9474-1A3956D46DE8}") = "src", "src", "{827E0CD3-B72D-47B6-A68D-7590B98EB39B}"
EndProject
Project("{FAE04EC0-301F-11D3-BF4B-00C04F79EFBC}") = "ATSLiveMap.Core", "src\ATSLiveMap.Core\ATSLiveMap.Core.csproj", "{9EBAD25E-2C90-43E5-85B9-49F5357DA45B}"
EndProject
Project("{FAE04EC0-301F-11D3-BF4B-00C04F79EFBC}") = "ATSLiveMap.Telemetry", "src\ATSLiveMap.Telemetry\ATSLiveMap.Telemetry.csproj", "{5ED57FDA-BB0E-4C94-8906-41F1796C2BCF}"
EndProject
Project("{FAE04EC0-301F-11D3-BF4B-00C04F79EFBC}") = "ATSLiveMap.UI", "src\ATSLiveMap.UI\ATSLiveMap.UI.csproj", "{E9653F0B-7D97-4122-A0B5-61A320A5C510}"
EndProject
Global
	GlobalSection(SolutionConfigurationPlatforms) = preSolution
		Debug|Any CPU = Debug|Any CPU
		Debug|x64 = Debug|x64
		Debug|x86 = Debug|x86
		Release|Any CPU = Release|Any CPU
		Release|x64 = Release|x64
		Release|x86 = Release|x86
	EndGlobalSection
	GlobalSection(ProjectConfigurationPlatforms) = postSolution
		{9EBAD25E-2C90-43E5-85B9-49F5357DA45B}.Debug|Any CPU.ActiveCfg = Debug|Any CPU
		{9EBAD25E-2C90-43E5-85B9-49F5357DA45B}.Debug|Any CPU.Build.0 = Debug|Any CPU
		{9EBAD25E-2C90-43E5-85B9-49F5357DA45B}.Debug|x64.ActiveCfg = Debug|Any CPU
		{9EBAD25E-2C90-43E5-85B9-49F5357DA45B}.Debug|x64.Build.0 = Debug|Any CPU
		{9EBAD25E-2C90-43E5-85B9-49F5357DA45B}.Debug|x86.ActiveCfg = Debug|Any CPU
		{9EBAD25E-2C90-43E5-85B9-49F5357DA45B}.Debug|x86.Build.0 = Debug|Any CPU
		{9EBAD25E-2C90-43E5-85B9-49F5357DA45B}.Release|Any CPU.ActiveCfg = Release|Any CPU
		{9EBAD25E-2C90-43E5-85B9-49F5357DA45B}.Release|Any CPU.Build.0 = Release|Any CPU
		{9EBAD25E-2C90-43E5-85B9-49F5357DA45B}.Release|x64.ActiveCfg = Release|Any CPU
		{9EBAD25E-2C90-43E5-85B9-49F5357DA45B}.Release|x64.Build.0 = Release|Any CPU
		{9EBAD25E-2C90-43E5-85B9-49F5357DA45B}.Release|x86.ActiveCfg = Release|Any CPU
		{9EBAD25E-2C90-43E5-85B9-49F5357DA45B}.Release|x86.Build.0 = Release|Any CPU
		{5ED57FDA-BB0E-4C94-8906-41F1796C2BCF}.Debug|Any CPU.ActiveCfg = Debug|Any CPU
		{5ED57FDA-BB0E-4C94-8906-41F1796C2BCF}.Debug|Any CPU.Build.0 = Debug|Any CPU
		{5ED57FDA-BB0E-4C94-8906-41F1796C2BCF}.Debug|x64.ActiveCfg = Debug|Any CPU
		{5ED57FDA-BB0E-4C94-8906-41F1796C2BCF}.Debug|x64.Build.0 = Debug|Any CPU
		{5ED57FDA-BB0E-4C94-8906-41F1796C2BCF}.Debug|x86.ActiveCfg = Debug|Any CPU
		{5ED57FDA-BB0E-4C94-8906-41F1796C2BCF}.Debug|x86.Build.0 = Debug|Any CPU
		{5ED57FDA-BB0E-4C94-8906-41F1796C2BCF}.Release|Any CPU.ActiveCfg = Release|Any CPU
		{5ED57FDA-BB0E-4C94-8906-41F1796C2BCF}.Release|Any CPU.Build.0 = Release|Any CPU
		{5ED57FDA-BB0E-4C94-8906-41F1796C2BCF}.Release|x64.ActiveCfg = Release|Any CPU
		{5ED57FDA-BB0E-4C94-8906-41F1796C2BCF}.Release|x64.Build.0 = Release|Any CPU
		{5ED57FDA-BB0E-4C94-8906-41F1796C2BCF}.Release|x86.ActiveCfg = Release|Any CPU
		{5ED57FDA-BB0E-4C94-8906-41F1796C2BCF}.Release|x86.Build.0 = Release|Any CPU
		{E9653F0B-7D97-4122-A0B5-61A320A5C510}.Debug|Any CPU.ActiveCfg = Debug|Any CPU
		{E9653F0B-7D97-4122-A0B5-61A320A5C510}.Debug|Any CPU.Build.0 = Debug|Any CPU
		{E9653F0B-7D97-4122-A0B5-61A320A5C510}.Debug|x64.ActiveCfg = Debug|Any CPU
		{E9653F0B-7D97-4122-A0B5-61A320A5C510}.Debug|x64.Build.0 = Debug|Any CPU
		{E9653F0B-7D97-4122-A0B5-61A320A5C510}.Debug|x86.ActiveCfg = Debug|Any CPU
		{E9653F0B-7D97-4122-A0B5-61A320A5C510}.Debug|x86.Build.0 = Debug|Any CPU
		{E9653F0B-7D97-4122-A0B5-61A320A5C510}.Release|Any CPU.ActiveCfg = Release|Any CPU
		{E9653F0B-7D97-4122-A0B5-61A320A5C510}.Release|Any CPU.Build.0 = Release|Any CPU
		{E9653F0B-7D97-4122-A0B5-61A320A5C510}.Release|x64.ActiveCfg = Release|Any CPU
		{E9653F0B-7D97-4122-A0B5-61A320A5C510}.Release|x64.Build.0 = Release|Any CPU
		{E9653F0B-7D97-4122-A0B5-61A320A5C510}.Release|x86.ActiveCfg = Release|Any CPU
		{E9653F0B-7D97-4122-A0B5-61A320A5C510}.Release|x86.Build.0 = Release|Any CPU
	EndGlobalSection
	GlobalSection(SolutionProperties) = preSolution
		HideSolutionNode = FALSE
	EndGlobalSection
	GlobalSection(NestedProjects) = preSolution
		{9EBAD25E-2C90-43E5-85B9-49F5357DA45B} = {827E0CD3-B72D-47B6-A68D-7590B98EB39B}
		{5ED57FDA-BB0E-4C94-8906-41F1796C2BCF} = {827E0CD3-B72D-47B6-A68D-7590B98EB39B}
		{E9653F0B-7D97-4122-A0B5-61A320A5C510} = {827E0CD3-B72D-47B6-A68D-7590B98EB39B}
	EndGlobalSection
EndGlobal
